{
  "name": "every-npm-package",
  "version": "1.0.0",
  "lockfileVersion": 2,
  "requires": true,
  "packages": {
    "": {
      "name": "every-npm-package",
      "version": "1.0.0",
      "license": "UNLICENSED",
      "dependencies": {
        "all-the-package-names": "^2.0.579"
      }
    },
    "node_modules/all-the-package-names": {
      "version": "2.0.579",
      "resolved": "https://registry.npmjs.org/all-the-package-names/-/all-the-package-names-2.0.579.tgz",
      "integrity": "sha512-WFudnD0WKU29YAhb1oNjdwWj8WTxKpNlbzOtO7lFgQMoYPhBKjsAFLe6tMN8ZCNAwbQd4CFvR9CRzs6XTD9puQ==",
      "bin": {
        "all-the-package-names": "cli.js"
      }
    }
  },
  "dependencies": {
    "all-the-package-names": {
      "version": "2.0.579",
      "resolved": "https://registry.npmjs.org/all-the-package-names/-/all-the-package-names-2.0.579.tgz",
      "integrity": "sha512-WFudnD0WKU29YAhb1oNjdwWj8WTxKpNlbzOtO7lFgQMoYPhBKjsAFLe6tMN8ZCNAwbQd4CFvR9CRzs6XTD9puQ=="
    }
  }
}
